
Microsoft Visual Studio Solution File, Format Version 12.00
# Visual Studio 2012
Project("{FAE04EC0-301F-11D3-BF4B-00C04F79EFBC}") = "WinTray", "WinTray.csproj", "{E4F85BC4-5FC2-4166-8F79-1AC71A7CB1E4}"
EndProject
Project("{FAE04EC0-301F-11D3-BF4B-00C04F79EFBC}") = "MacTray", "MacTray\MacTray.csproj", "{05EC7D93-DC95-4F38-9F13-B4EAC7B8EFE8}"
EndProject
Project("{D954291E-2A0B-460D-934E-DC6B0785DB48}") = "fcp2lib.Shared", "fcp2lib.NET\FCP2lib\fcp2lib.Shared.shproj", "{000DF136-4B0F-4DAF-9B4E-075CD3648E1B}"
EndProject
Project("{D954291E-2A0B-460D-934E-DC6B0785DB48}") = "Common", "Common\Common.shproj", "{4C6AB7B1-AB35-43C8-AD90-757A7E0276E4}"
EndProject
Project("{FAE04EC0-301F-11D3-BF4B-00C04F79EFBC}") = "CocoaPods", "CocoaPods\CocoaPods.csproj", "{5ACDB52E-FB34-4EF2-BA23-530C5E3719AF}"
EndProject
Global
	GlobalSection(SolutionConfigurationPlatforms) = preSolution
		Debug|Any CPU = Debug|Any CPU
		Release|Any CPU = Release|Any CPU
	EndGlobalSection
	GlobalSection(ProjectConfigurationPlatforms) = postSolution
		{E4F85BC4-5FC2-4166-8F79-1AC71A7CB1E4}.Debug|Any CPU.ActiveCfg = Debug|Any CPU
		{E4F85BC4-5FC2-4166-8F79-1AC71A7CB1E4}.Debug|Any CPU.Build.0 = Debug|Any CPU
		{E4F85BC4-5FC2-4166-8F79-1AC71A7CB1E4}.Release|Any CPU.ActiveCfg = Release|Any CPU
		{E4F85BC4-5FC2-4166-8F79-1AC71A7CB1E4}.Release|Any CPU.Build.0 = Release|Any CPU
		{05EC7D93-DC95-4F38-9F13-B4EAC7B8EFE8}.Debug|Any CPU.ActiveCfg = Debug|Any CPU
		{05EC7D93-DC95-4F38-9F13-B4EAC7B8EFE8}.Debug|Any CPU.Build.0 = Debug|Any CPU
		{05EC7D93-DC95-4F38-9F13-B4EAC7B8EFE8}.Release|Any CPU.ActiveCfg = Release|Any CPU
		{05EC7D93-DC95-4F38-9F13-B4EAC7B8EFE8}.Release|Any CPU.Build.0 = Release|Any CPU
		{5ACDB52E-FB34-4EF2-BA23-530C5E3719AF}.Debug|Any CPU.ActiveCfg = Debug|Any CPU
		{5ACDB52E-FB34-4EF2-BA23-530C5E3719AF}.Debug|Any CPU.Build.0 = Debug|Any CPU
		{5ACDB52E-FB34-4EF2-BA23-530C5E3719AF}.Release|Any CPU.ActiveCfg = Release|Any CPU
		{5ACDB52E-FB34-4EF2-BA23-530C5E3719AF}.Release|Any CPU.Build.0 = Release|Any CPU
	EndGlobalSection
	GlobalSection(SolutionProperties) = preSolution
		HideSolutionNode = FALSE
	EndGlobalSection
EndGlobal
